// !$*UTF8*$!
{
	archiveVersion = 1;
	classes = {
	};
	objectVersion = 56;
	objects = {

/* Begin PBXBuildFile section */
		9B1142DD2AD530FD00E9338B /* AppDelegate.swift in Sources */ = {isa = PBXBuildFile; fileRef = 9B1142DC2AD530FD00E9338B /* AppDelegate.swift */; };
		9B1142DF2AD530FD00E9338B /* SceneDelegate.swift in Sources */ = {isa = PBXBuildFile; fileRef = 9B1142DE2AD530FD00E9338B /* SceneDelegate.swift */; };
		9B1142E12AD530FD00E9338B /* ViewController.swift in Sources */ = {isa = PBXBuildFile; fileRef = 9B1142E02AD530FD00E9338B /* ViewController.swift */; };
		9B1142E42AD530FD00E9338B /* Main.storyboard in Resources */ = {isa = PBXBuildFile; fileRef = 9B1142E22AD530FD00E9338B /* Main.storyboard */; };
		9B1142E62AD530FF00E9338B /* Assets.xcassets in Resources */ = {isa = PBXBuildFile; fileRef = 9B1142E52AD530FF00E9338B /* Assets.xcassets */; };
		9B1142E92AD530FF00E9338B /* LaunchScreen.storyboard in Resources */ = {isa = PBXBuildFile; fileRef = 9B1142E72AD530FF00E9338B /* LaunchScreen.storyboard */; };
		9B1142F32AD534B500E9338B /* Keys.swift in Sources */ = {isa = PBXBuildFile; fileRef = 9B1142F22AD534B500E9338B /* Keys.swift */; };
		9B1142F52AD534D100E9338B /* KeyLoader.swift in Sources */ = {isa = PBXBuildFile; fileRef = 9B1142F42AD534D100E9338B /* KeyLoader.swift */; };
		9B1142F82AD53B7000E9338B /* StringExtension.swift in Sources */ = {isa = PBXBuildFile; fileRef = 9B1142F72AD53B7000E9338B /* StringExtension.swift */; };
		9B1142FA2AD53B9000E9338B /* DoubleExtension.swift in Sources */ = {isa = PBXBuildFile; fileRef = 9B1142F92AD53B9000E9338B /* DoubleExtension.swift */; };
		9B1142FC2AD5D2D200E9338B /* marvel.keys in Resources */ = {isa = PBXBuildFile; fileRef = 9B1142FB2AD5D2D100E9338B /* marvel.keys */; };
		9B1143002AD5DD9D00E9338B /* Character.swift in Sources */ = {isa = PBXBuildFile; fileRef = 9B1142FF2AD5DD9D00E9338B /* Character.swift */; };
		9B1143022AD5DE4E00E9338B /* Image.swift in Sources */ = {isa = PBXBuildFile; fileRef = 9B1143012AD5DE4E00E9338B /* Image.swift */; };
		9BAD5D902C7277DE00865655 /* SDWebImage in Frameworks */ = {isa = PBXBuildFile; productRef = 9BAD5D8F2C7277DE00865655 /* SDWebImage */; };
		9BBA80452C7004C200065DE4 /* URLWebSite.swift in Sources */ = {isa = PBXBuildFile; fileRef = 9BBA80442C7004C200065DE4 /* URLWebSite.swift */; };
		9BBA80472C70051000065DE4 /* ComicItem.swift in Sources */ = {isa = PBXBuildFile; fileRef = 9BBA80462C70051000065DE4 /* ComicItem.swift */; };
		9BBA80492C70054B00065DE4 /* StoryItem.swift in Sources */ = {isa = PBXBuildFile; fileRef = 9BBA80482C70054B00065DE4 /* StoryItem.swift */; };
		9BBA804B2C70057A00065DE4 /* EventItem.swift in Sources */ = {isa = PBXBuildFile; fileRef = 9BBA804A2C70057A00065DE4 /* EventItem.swift */; };
		9BBA804D2C70059C00065DE4 /* SerieItem.swift in Sources */ = {isa = PBXBuildFile; fileRef = 9BBA804C2C70059C00065DE4 /* SerieItem.swift */; };
		9BBA804F2C7005C800065DE4 /* ResourceList.swift in Sources */ = {isa = PBXBuildFile; fileRef = 9BBA804E2C7005C800065DE4 /* ResourceList.swift */; };
		9BBA80512C7007EE00065DE4 /* APIResponse.swift in Sources */ = {isa = PBXBuildFile; fileRef = 9BBA80502C7007EE00065DE4 /* APIResponse.swift */; };
		9BBA80532C70081C00065DE4 /* DataResponse.swift in Sources */ = {isa = PBXBuildFile; fileRef = 9BBA80522C70081C00065DE4 /* DataResponse.swift */; };
		9BBA80552C70200100065DE4 /* Constants.swift in Sources */ = {isa = PBXBuildFile; fileRef = 9BBA80542C70200100065DE4 /* Constants.swift */; };
		9BBA80572C71291B00065DE4 /* CharacterServiceManager.swift in Sources */ = {isa = PBXBuildFile; fileRef = 9BBA80562C71291B00065DE4 /* CharacterServiceManager.swift */; };
		9BBA80592C71C68F00065DE4 /* CharacterCell.swift in Sources */ = {isa = PBXBuildFile; fileRef = 9BBA80582C71C68F00065DE4 /* CharacterCell.swift */; };
/* End PBXBuildFile section */

/* Begin PBXFileReference section */
		9B1142D92AD530FD00E9338B /* Marvel.app */ = {isa = PBXFileReference; explicitFileType = wrapper.application; includeInIndex = 0; path = Marvel.app; sourceTree = BUILT_PRODUCTS_DIR; };
		9B1142DC2AD530FD00E9338B /* AppDelegate.swift */ = {isa = PBXFileReference; lastKnownFileType = sourcecode.swift; path = AppDelegate.swift; sourceTree = "<group>"; };
		9B1142DE2AD530FD00E9338B /* SceneDelegate.swift */ = {isa = PBXFileReference; lastKnownFileType = sourcecode.swift; path = SceneDelegate.swift; sourceTree = "<group>"; };
		9B1142E02AD530FD00E9338B /* ViewController.swift */ = {isa = PBXFileReference; lastKnownFileType = sourcecode.swift; path = ViewController.swift; sourceTree = "<group>"; };
		9B1142E32AD530FD00E9338B /* Base */ = {isa = PBXFileReference; lastKnownFileType = file.storyboard; name = Base; path = Base.lproj/Main.storyboard; sourceTree = "<group>"; };
		9B1142E52AD530FF00E9338B /* Assets.xcassets */ = {isa = PBXFileReference; lastKnownFileType = folder.assetcatalog; path = Assets.xcassets; sourceTree = "<group>"; };
		9B1142E82AD530FF00E9338B /* Base */ = {isa = PBXFileReference; lastKnownFileType = file.storyboard; name = Base; path = Base.lproj/LaunchScreen.storyboard; sourceTree = "<group>"; };
		9B1142EA2AD530FF00E9338B /* Info.plist */ = {isa = PBXFileReference; lastKnownFileType = text.plist.xml; path = Info.plist; sourceTree = "<group>"; };
		9B1142F22AD534B500E9338B /* Keys.swift */ = {isa = PBXFileReference; lastKnownFileType = sourcecode.swift; path = Keys.swift; sourceTree = "<group>"; };
		9B1142F42AD534D100E9338B /* KeyLoader.swift */ = {isa = PBXFileReference; lastKnownFileType = sourcecode.swift; path = KeyLoader.swift; sourceTree = "<group>"; };
		9B1142F72AD53B7000E9338B /* StringExtension.swift */ = {isa = PBXFileReference; lastKnownFileType = sourcecode.swift; path = StringExtension.swift; sourceTree = "<group>"; };
		9B1142F92AD53B9000E9338B /* DoubleExtension.swift */ = {isa = PBXFileReference; lastKnownFileType = sourcecode.swift; path = DoubleExtension.swift; sourceTree = "<group>"; };
		9B1142FB2AD5D2D100E9338B /* marvel.keys */ = {isa = PBXFileReference; lastKnownFileType = text; name = marvel.keys; path = Marvel/marvel.keys; sourceTree = SOURCE_ROOT; };
		9B1142FF2AD5DD9D00E9338B /* Character.swift */ = {isa = PBXFileReference; lastKnownFileType = sourcecode.swift; path = Character.swift; sourceTree = "<group>"; };
		9B1143012AD5DE4E00E9338B /* Image.swift */ = {isa = PBXFileReference; lastKnownFileType = sourcecode.swift; path = Image.swift; sourceTree = "<group>"; };
		9BBA80442C7004C200065DE4 /* URLWebSite.swift */ = {isa = PBXFileReference; lastKnownFileType = sourcecode.swift; path = URLWebSite.swift; sourceTree = "<group>"; };
		9BBA80462C70051000065DE4 /* ComicItem.swift */ = {isa = PBXFileReference; lastKnownFileType = sourcecode.swift; path = ComicItem.swift; sourceTree = "<group>"; };
		9BBA80482C70054B00065DE4 /* StoryItem.swift */ = {isa = PBXFileReference; lastKnownFileType = sourcecode.swift; path = StoryItem.swift; sourceTree = "<group>"; };
		9BBA804A2C70057A00065DE4 /* EventItem.swift */ = {isa = PBXFileReference; lastKnownFileType = sourcecode.swift; path = EventItem.swift; sourceTree = "<group>"; };
		9BBA804C2C70059C00065DE4 /* SerieItem.swift */ = {isa = PBXFileReference; lastKnownFileType = sourcecode.swift; path = SerieItem.swift; sourceTree = "<group>"; };
		9BBA804E2C7005C800065DE4 /* ResourceList.swift */ = {isa = PBXFileReference; lastKnownFileType = sourcecode.swift; path = ResourceList.swift; sourceTree = "<group>"; };
		9BBA80502C7007EE00065DE4 /* APIResponse.swift */ = {isa = PBXFileReference; lastKnownFileType = sourcecode.swift; path = APIResponse.swift; sourceTree = "<group>"; };
		9BBA80522C70081C00065DE4 /* DataResponse.swift */ = {isa = PBXFileReference; lastKnownFileType = sourcecode.swift; path = DataResponse.swift; sourceTree = "<group>"; };
		9BBA80542C70200100065DE4 /* Constants.swift */ = {isa = PBXFileReference; lastKnownFileType = sourcecode.swift; path = Constants.swift; sourceTree = "<group>"; };
		9BBA80562C71291B00065DE4 /* CharacterServiceManager.swift */ = {isa = PBXFileReference; lastKnownFileType = sourcecode.swift; path = CharacterServiceManager.swift; sourceTree = "<group>"; };
		9BBA80582C71C68F00065DE4 /* CharacterCell.swift */ = {isa = PBXFileReference; lastKnownFileType = sourcecode.swift; path = CharacterCell.swift; sourceTree = "<group>"; };
/* End PBXFileReference section */

/* Begin PBXFrameworksBuildPhase section */
		9B1142D62AD530FD00E9338B /* Frameworks */ = {
			isa = PBXFrameworksBuildPhase;
			buildActionMask = 2147483647;
			files = (
				9BAD5D902C7277DE00865655 /* SDWebImage in Frameworks */,
			);
			runOnlyForDeploymentPostprocessing = 0;
		};
/* End PBXFrameworksBuildPhase section */

/* Begin PBXGroup section */
		9B1142D02AD530FD00E9338B = {
			isa = PBXGroup;
			children = (
				9B1142DB2AD530FD00E9338B /* Marvel */,
				9B1142DA2AD530FD00E9338B /* Products */,
			);
			sourceTree = "<group>";
		};
		9B1142DA2AD530FD00E9338B /* Products */ = {
			isa = PBXGroup;
			children = (
				9B1142D92AD530FD00E9338B /* Marvel.app */,
			);
			name = Products;
			sourceTree = "<group>";
		};
		9B1142DB2AD530FD00E9338B /* Marvel */ = {
			isa = PBXGroup;
			children = (
				9BDAEFDD2C6EBAEF00446B24 /* Constants */,
				9BDAEFDC2C6EBAD900446B24 /* Service */,
				9BDAEFDB2C6EBAC700446B24 /* View */,
				9B1142F62AD53B4000E9338B /* Extensions */,
				9B1142F12AD5349300E9338B /* Model */,
				9B1142DC2AD530FD00E9338B /* AppDelegate.swift */,
				9B1142DE2AD530FD00E9338B /* SceneDelegate.swift */,
				9B1142E02AD530FD00E9338B /* ViewController.swift */,
				9B1142E22AD530FD00E9338B /* Main.storyboard */,
				9B1142FB2AD5D2D100E9338B /* marvel.keys */,
				9B1142E52AD530FF00E9338B /* Assets.xcassets */,
				9B1142E72AD530FF00E9338B /* LaunchScreen.storyboard */,
				9B1142EA2AD530FF00E9338B /* Info.plist */,
			);
			path = Marvel;
			sourceTree = "<group>";
		};
		9B1142F12AD5349300E9338B /* Model */ = {
			isa = PBXGroup;
			children = (
				9B1142F22AD534B500E9338B /* Keys.swift */,
				9B1142F42AD534D100E9338B /* KeyLoader.swift */,
				9B1142FF2AD5DD9D00E9338B /* Character.swift */,
				9B1143012AD5DE4E00E9338B /* Image.swift */,
				9BBA80442C7004C200065DE4 /* URLWebSite.swift */,
				9BBA804E2C7005C800065DE4 /* ResourceList.swift */,
				9BBA80462C70051000065DE4 /* ComicItem.swift */,
				9BBA804C2C70059C00065DE4 /* SerieItem.swift */,
				9BBA80482C70054B00065DE4 /* StoryItem.swift */,
				9BBA804A2C70057A00065DE4 /* EventItem.swift */,
				9BBA80502C7007EE00065DE4 /* APIResponse.swift */,
				9BBA80522C70081C00065DE4 /* DataResponse.swift */,
			);
			path = Model;
			sourceTree = "<group>";
		};
		9B1142F62AD53B4000E9338B /* Extensions */ = {
			isa = PBXGroup;
			children = (
				9B1142F72AD53B7000E9338B /* StringExtension.swift */,
				9B1142F92AD53B9000E9338B /* DoubleExtension.swift */,
			);
			path = Extensions;
			sourceTree = "<group>";
		};
		9BDAEFDB2C6EBAC700446B24 /* View */ = {
			isa = PBXGroup;
			children = (
				9BBA80582C71C68F00065DE4 /* CharacterCell.swift */,
			);
			path = View;
			sourceTree = "<group>";
		};
		9BDAEFDC2C6EBAD900446B24 /* Service */ = {
			isa = PBXGroup;
			children = (
				9BBA80562C71291B00065DE4 /* CharacterServiceManager.swift */,
			);
			path = Service;
			sourceTree = "<group>";
		};
		9BDAEFDD2C6EBAEF00446B24 /* Constants */ = {
			isa = PBXGroup;
			children = (
				9BBA80542C70200100065DE4 /* Constants.swift */,
			);
			path = Constants;
			sourceTree = "<group>";
		};
/* End PBXGroup section */

/* Begin PBXNativeTarget section */
		9B1142D82AD530FD00E9338B /* Marvel */ = {
			isa = PBXNativeTarget;
			buildConfigurationList = 9B1142ED2AD530FF00E9338B /* Build configuration list for PBXNativeTarget "Marvel" */;
			buildPhases = (
				9B1142D52AD530FD00E9338B /* Sources */,
				9B1142D62AD530FD00E9338B /* Frameworks */,
				9B1142D72AD530FD00E9338B /* Resources */,
			);
			buildRules = (
			);
			dependencies = (
			);
			name = Marvel;
			packageProductDependencies = (
				9BAD5D8F2C7277DE00865655 /* SDWebImage */,
			);
			productName = Marvel;
			productReference = 9B1142D92AD530FD00E9338B /* Marvel.app */;
			productType = "com.apple.product-type.application";
		};
/* End PBXNativeTarget section */

/* Begin PBXProject section */
		9B1142D12AD530FD00E9338B /* Project object */ = {
			isa = PBXProject;
			attributes = {
				BuildIndependentTargetsInParallel = 1;
				LastSwiftUpdateCheck = 1420;
				LastUpgradeCheck = 1420;
				TargetAttributes = {
					9B1142D82AD530FD00E9338B = {
						CreatedOnToolsVersion = 14.2;
					};
				};
			};
			buildConfigurationList = 9B1142D42AD530FD00E9338B /* Build configuration list for PBXProject "Marvel" */;
			compatibilityVersion = "Xcode 14.0";
			developmentRegion = en;
			hasScannedForEncodings = 0;
			knownRegions = (
				en,
				Base,
			);
			mainGroup = 9B1142D02AD530FD00E9338B;
			packageReferences = (
				9BAD5D8E2C7277DE00865655 /* XCRemoteSwiftPackageReference "SDWebImage" */,
			);
			productRefGroup = 9B1142DA2AD530FD00E9338B /* Products */;
			projectDirPath = "";
			projectRoot = "";
			targets = (
				9B1142D82AD530FD00E9338B /* Marvel */,
			);
		};
/* End PBXProject section */

/* Begin PBXResourcesBuildPhase section */
		9B1142D72AD530FD00E9338B /* Resources */ = {
			isa = PBXResourcesBuildPhase;
			buildActionMask = 2147483647;
			files = (
				9B1142FC2AD5D2D200E9338B /* marvel.keys in Resources */,
				9B1142E92AD530FF00E9338B /* LaunchScreen.storyboard in Resources */,
				9B1142E62AD530FF00E9338B /* Assets.xcassets in Resources */,
				9B1142E42AD530FD00E9338B /* Main.storyboard in Resources */,
			);
			runOnlyForDeploymentPostprocessing = 0;
		};
/* End PBXResourcesBuildPhase section */

/* Begin PBXSourcesBuildPhase section */
		9B1142D52AD530FD00E9338B /* Sources */ = {
			isa = PBXSourcesBuildPhase;
			buildActionMask = 2147483647;
			files = (
				9B1142E12AD530FD00E9338B /* ViewController.swift in Sources */,
				9B1143022AD5DE4E00E9338B /* Image.swift in Sources */,
				9BBA80472C70051000065DE4 /* ComicItem.swift in Sources */,
				9B1142F32AD534B500E9338B /* Keys.swift in Sources */,
				9B1142F82AD53B7000E9338B /* StringExtension.swift in Sources */,
				9BBA80512C7007EE00065DE4 /* APIResponse.swift in Sources */,
				9BBA804B2C70057A00065DE4 /* EventItem.swift in Sources */,
				9B1142DD2AD530FD00E9338B /* AppDelegate.swift in Sources */,
				9BBA80492C70054B00065DE4 /* StoryItem.swift in Sources */,
				9BBA80452C7004C200065DE4 /* URLWebSite.swift in Sources */,
				9B1142DF2AD530FD00E9338B /* SceneDelegate.swift in Sources */,
				9BBA80572C71291B00065DE4 /* CharacterServiceManager.swift in Sources */,
				9B1142FA2AD53B9000E9338B /* DoubleExtension.swift in Sources */,
				9B1142F52AD534D100E9338B /* KeyLoader.swift in Sources */,
				9B1143002AD5DD9D00E9338B /* Character.swift in Sources */,
				9BBA80592C71C68F00065DE4 /* CharacterCell.swift in Sources */,
				9BBA804F2C7005C800065DE4 /* ResourceList.swift in Sources */,
				9BBA804D2C70059C00065DE4 /* SerieItem.swift in Sources */,
				9BBA80532C70081C00065DE4 /* DataResponse.swift in Sources */,
				9BBA80552C70200100065DE4 /* Constants.swift in Sources */,
			);
			runOnlyForDeploymentPostprocessing = 0;
		};
/* End PBXSourcesBuildPhase section */

/* Begin PBXVariantGroup section */
		9B1142E22AD530FD00E9338B /* Main.storyboard */ = {
			isa = PBXVariantGroup;
			children = (
				9B1142E32AD530FD00E9338B /* Base */,
			);
			name = Main.storyboard;
			sourceTree = "<group>";
		};
		9B1142E72AD530FF00E9338B /* LaunchScreen.storyboard */ = {
			isa = PBXVariantGroup;
			children = (
				9B1142E82AD530FF00E9338B /* Base */,
			);
			name = LaunchScreen.storyboard;
			sourceTree = "<group>";
		};
/* End PBXVariantGroup section */

/* Begin XCBuildConfiguration section */
		9B1142EB2AD530FF00E9338B /* Debug */ = {
			isa = XCBuildConfiguration;
			buildSettings = {
				ALWAYS_SEARCH_USER_PATHS = NO;
				CLANG_ANALYZER_NONNULL = YES;
				CLANG_ANALYZER_NUMBER_OBJECT_CONVERSION = YES_AGGRESSIVE;
				CLANG_CXX_LANGUAGE_STANDARD = "gnu++20";
				CLANG_ENABLE_MODULES = YES;
				CLANG_ENABLE_OBJC_ARC = YES;
				CLANG_ENABLE_OBJC_WEAK = YES;
				CLANG_WARN_BLOCK_CAPTURE_AUTORELEASING = YES;
				CLANG_WARN_BOOL_CONVERSION = YES;
				CLANG_WARN_COMMA = YES;
				CLANG_WARN_CONSTANT_CONVERSION = YES;
				CLANG_WARN_DEPRECATED_OBJC_IMPLEMENTATIONS = YES;
				CLANG_WARN_DIRECT_OBJC_ISA_USAGE = YES_ERROR;
				CLANG_WARN_DOCUMENTATION_COMMENTS = YES;
				CLANG_WARN_EMPTY_BODY = YES;
				CLANG_WARN_ENUM_CONVERSION = YES;
				CLANG_WARN_INFINITE_RECURSION = YES;
				CLANG_WARN_INT_CONVERSION = YES;
				CLANG_WARN_NON_LITERAL_NULL_CONVERSION = YES;
				CLANG_WARN_OBJC_IMPLICIT_RETAIN_SELF = YES;
				CLANG_WARN_OBJC_LITERAL_CONVERSION = YES;
				CLANG_WARN_OBJC_ROOT_CLASS = YES_ERROR;
				CLANG_WARN_QUOTED_INCLUDE_IN_FRAMEWORK_HEADER = YES;
				CLANG_WARN_RANGE_LOOP_ANALYSIS = YES;
				CLANG_WARN_STRICT_PROTOTYPES = YES;
				CLANG_WARN_SUSPICIOUS_MOVE = YES;
				CLANG_WARN_UNGUARDED_AVAILABILITY = YES_AGGRESSIVE;
				CLANG_WARN_UNREACHABLE_CODE = YES;
				CLANG_WARN__DUPLICATE_METHOD_MATCH = YES;
				COPY_PHASE_STRIP = NO;
				DEBUG_INFORMATION_FORMAT = dwarf;
				ENABLE_STRICT_OBJC_MSGSEND = YES;
				ENABLE_TESTABILITY = YES;
				GCC_C_LANGUAGE_STANDARD = gnu11;
				GCC_DYNAMIC_NO_PIC = NO;
				GCC_NO_COMMON_BLOCKS = YES;
				GCC_OPTIMIZATION_LEVEL = 0;
				GCC_PREPROCESSOR_DEFINITIONS = (
					"DEBUG=1",
					"$(inherited)",
				);
				GCC_WARN_64_TO_32_BIT_CONVERSION = YES;
				GCC_WARN_ABOUT_RETURN_TYPE = YES_ERROR;
				GCC_WARN_UNDECLARED_SELECTOR = YES;
				GCC_WARN_UNINITIALIZED_AUTOS = YES_AGGRESSIVE;
				GCC_WARN_UNUSED_FUNCTION = YES;
				GCC_WARN_UNUSED_VARIABLE = YES;
				IPHONEOS_DEPLOYMENT_TARGET = 16.2;
				MTL_ENABLE_DEBUG_INFO = INCLUDE_SOURCE;
				MTL_FAST_MATH = YES;
				ONLY_ACTIVE_ARCH = YES;
				SDKROOT = iphoneos;
				SWIFT_ACTIVE_COMPILATION_CONDITIONS = DEBUG;
				SWIFT_OPTIMIZATION_LEVEL = "-Onone";
			};
			name = Debug;
		};
		9B1142EC2AD530FF00E9338B /* Release */ = {
			isa = XCBuildConfiguration;
			buildSettings = {
				ALWAYS_SEARCH_USER_PATHS = NO;
				CLANG_ANALYZER_NONNULL = YES;
				CLANG_ANALYZER_NUMBER_OBJECT_CONVERSION = YES_AGGRESSIVE;
				CLANG_CXX_LANGUAGE_STANDARD = "gnu++20";
				CLANG_ENABLE_MODULES = YES;
				CLANG_ENABLE_OBJC_ARC = YES;
				CLANG_ENABLE_OBJC_WEAK = YES;
				CLANG_WARN_BLOCK_CAPTURE_AUTORELEASING = YES;
				CLANG_WARN_BOOL_CONVERSION = YES;
				CLANG_WARN_COMMA = YES;
				CLANG_WARN_CONSTANT_CONVERSION = YES;
				CLANG_WARN_DEPRECATED_OBJC_IMPLEMENTATIONS = YES;
				CLANG_WARN_DIRECT_OBJC_ISA_USAGE = YES_ERROR;
				CLANG_WARN_DOCUMENTATION_COMMENTS = YES;
				CLANG_WARN_EMPTY_BODY = YES;
				CLANG_WARN_ENUM_CONVERSION = YES;
				CLANG_WARN_INFINITE_RECURSION = YES;
				CLANG_WARN_INT_CONVERSION = YES;
				CLANG_WARN_NON_LITERAL_NULL_CONVERSION = YES;
				CLANG_WARN_OBJC_IMPLICIT_RETAIN_SELF = YES;
				CLANG_WARN_OBJC_LITERAL_CONVERSION = YES;
				CLANG_WARN_OBJC_ROOT_CLASS = YES_ERROR;
				CLANG_WARN_QUOTED_INCLUDE_IN_FRAMEWORK_HEADER = YES;
				CLANG_WARN_RANGE_LOOP_ANALYSIS = YES;
				CLANG_WARN_STRICT_PROTOTYPES = YES;
				CLANG_WARN_SUSPICIOUS_MOVE = YES;
				CLANG_WARN_UNGUARDED_AVAILABILITY = YES_AGGRESSIVE;
				CLANG_WARN_UNREACHABLE_CODE = YES;
				CLANG_WARN__DUPLICATE_METHOD_MATCH = YES;
				COPY_PHASE_STRIP = NO;
				DEBUG_INFORMATION_FORMAT = "dwarf-with-dsym";
				ENABLE_NS_ASSERTIONS = NO;
				ENABLE_STRICT_OBJC_MSGSEND = YES;
				GCC_C_LANGUAGE_STANDARD = gnu11;
				GCC_NO_COMMON_BLOCKS = YES;
				GCC_WARN_64_TO_32_BIT_CONVERSION = YES;
				GCC_WARN_ABOUT_RETURN_TYPE = YES_ERROR;
				GCC_WARN_UNDECLARED_SELECTOR = YES;
				GCC_WARN_UNINITIALIZED_AUTOS = YES_AGGRESSIVE;
				GCC_WARN_UNUSED_FUNCTION = YES;
				GCC_WARN_UNUSED_VARIABLE = YES;
				IPHONEOS_DEPLOYMENT_TARGET = 16.2;
				MTL_ENABLE_DEBUG_INFO = NO;
				MTL_FAST_MATH = YES;
				SDKROOT = iphoneos;
				SWIFT_COMPILATION_MODE = wholemodule;
				SWIFT_OPTIMIZATION_LEVEL = "-O";
				VALIDATE_PRODUCT = YES;
			};
			name = Release;
		};
		9B1142EE2AD530FF00E9338B /* Debug */ = {
			isa = XCBuildConfiguration;
			buildSettings = {
				ASSETCATALOG_COMPILER_APPICON_NAME = AppIcon;
				ASSETCATALOG_COMPILER_GLOBAL_ACCENT_COLOR_NAME = AccentColor;
				CODE_SIGN_STYLE = Automatic;
				CURRENT_PROJECT_VERSION = 1;
				DEVELOPMENT_TEAM = 4PM3S5C4M9;
				GENERATE_INFOPLIST_FILE = YES;
				INFOPLIST_FILE = Marvel/Info.plist;
				INFOPLIST_KEY_UIApplicationSupportsIndirectInputEvents = YES;
				INFOPLIST_KEY_UILaunchStoryboardName = LaunchScreen;
				INFOPLIST_KEY_UIMainStoryboardFile = Main;
				INFOPLIST_KEY_UISupportedInterfaceOrientations_iPad = "UIInterfaceOrientationPortrait UIInterfaceOrientationPortraitUpsideDown UIInterfaceOrientationLandscapeLeft UIInterfaceOrientationLandscapeRight";
				INFOPLIST_KEY_UISupportedInterfaceOrientations_iPhone = "UIInterfaceOrientationPortrait UIInterfaceOrientationLandscapeLeft UIInterfaceOrientationLandscapeRight";
				LD_RUNPATH_SEARCH_PATHS = (
					"$(inherited)",
					"@executable_path/Frameworks",
				);
				MARKETING_VERSION = 1.0;
				PRODUCT_BUNDLE_IDENTIFIER = com.paul.Marvel;
				PRODUCT_NAME = "$(TARGET_NAME)";
				SWIFT_EMIT_LOC_STRINGS = YES;
				SWIFT_VERSION = 5.0;
				TARGETED_DEVICE_FAMILY = "1,2";
			};
			name = Debug;
		};
		9B1142EF2AD530FF00E9338B /* Release */ = {
			isa = XCBuildConfiguration;
			buildSettings = {
				ASSETCATALOG_COMPILER_APPICON_NAME = AppIcon;
				ASSETCATALOG_COMPILER_GLOBAL_ACCENT_COLOR_NAME = AccentColor;
				CODE_SIGN_STYLE = Automatic;
				CURRENT_PROJECT_VERSION = 1;
				DEVELOPMENT_TEAM = 4PM3S5C4M9;
				GENERATE_INFOPLIST_FILE = YES;
				INFOPLIST_FILE = Marvel/Info.plist;
				INFOPLIST_KEY_UIApplicationSupportsIndirectInputEvents = YES;
				INFOPLIST_KEY_UILaunchStoryboardName = LaunchScreen;
				INFOPLIST_KEY_UIMainStoryboardFile = Main;
				INFOPLIST_KEY_UISupportedInterfaceOrientations_iPad = "UIInterfaceOrientationPortrait UIInterfaceOrientationPortraitUpsideDown UIInterfaceOrientationLandscapeLeft UIInterfaceOrientationLandscapeRight";
				INFOPLIST_KEY_UISupportedInterfaceOrientations_iPhone = "UIInterfaceOrientationPortrait UIInterfaceOrientationLandscapeLeft UIInterfaceOrientationLandscapeRight";
				LD_RUNPATH_SEARCH_PATHS = (
					"$(inherited)",
					"@executable_path/Frameworks",
				);
				MARKETING_VERSION = 1.0;
				PRODUCT_BUNDLE_IDENTIFIER = com.paul.Marvel;
				PRODUCT_NAME = "$(TARGET_NAME)";
				SWIFT_EMIT_LOC_STRINGS = YES;
				SWIFT_VERSION = 5.0;
				TARGETED_DEVICE_FAMILY = "1,2";
			};
			name = Release;
		};
/* End XCBuildConfiguration section */

/* Begin XCConfigurationList section */
		9B1142D42AD530FD00E9338B /* Build configuration list for PBXProject "Marvel" */ = {
			isa = XCConfigurationList;
			buildConfigurations = (
				9B1142EB2AD530FF00E9338B /* Debug */,
				9B1142EC2AD530FF00E9338B /* Release */,
			);
			defaultConfigurationIsVisible = 0;
			defaultConfigurationName = Release;
		};
		9B1142ED2AD530FF00E9338B /* Build configuration list for PBXNativeTarget "Marvel" */ = {
			isa = XCConfigurationList;
			buildConfigurations = (
				9B1142EE2AD530FF00E9338B /* Debug */,
				9B1142EF2AD530FF00E9338B /* Release */,
			);
			defaultConfigurationIsVisible = 0;
			defaultConfigurationName = Release;
		};
/* End XCConfigurationList section */

/* Begin XCRemoteSwiftPackageReference section */
		9BAD5D8E2C7277DE00865655 /* XCRemoteSwiftPackageReference "SDWebImage" */ = {
			isa = XCRemoteSwiftPackageReference;
			repositoryURL = "https://github.com/SDWebImage/SDWebImage.git";
			requirement = {
				kind = upToNextMajorVersion;
				minimumVersion = 5.9.0;
			};
		};
/* End XCRemoteSwiftPackageReference section */

/* Begin XCSwiftPackageProductDependency section */
		9BAD5D8F2C7277DE00865655 /* SDWebImage */ = {
			isa = XCSwiftPackageProductDependency;
			package = 9BAD5D8E2C7277DE00865655 /* XCRemoteSwiftPackageReference "SDWebImage" */;
			productName = SDWebImage;
		};
/* End XCSwiftPackageProductDependency section */
	};
	rootObject = 9B1142D12AD530FD00E9338B /* Project object */;
}
